
Microsoft Visual Studio Solution File, Format Version 12.00
# Visual Studio 15
VisualStudioVersion = 15.0.28307.421
MinimumVisualStudioVersion = 10.0.40219.1
Project("{9A19103F-16F7-4668-BE54-9A1E7A4F7556}") = "SistemaKPI_API", "SistemaKPI_API.csproj", "{F08EBD59-5BB5-437B-A135-FF5FE6B1E962}"
EndProject
Global
	GlobalSection(SolutionConfigurationPlatforms) = preSolution
		Debug|Any CPU = Debug|Any CPU
		Release|Any CPU = Release|Any CPU
	EndGlobalSection
	GlobalSection(ProjectConfigurationPlatforms) = postSolution
		{F08EBD59-5BB5-437B-A135-FF5FE6B1E962}.Debug|Any CPU.ActiveCfg = Debug|Any CPU
		{F08EBD59-5BB5-437B-A135-FF5FE6B1E962}.Debug|Any CPU.Build.0 = Debug|Any CPU
		{F08EBD59-5BB5-437B-A135-FF5FE6B1E962}.Release|Any CPU.ActiveCfg = Release|Any CPU
		{F08EBD59-5BB5-437B-A135-FF5FE6B1E962}.Release|Any CPU.Build.0 = Release|Any CPU
	EndGlobalSection
	GlobalSection(SolutionProperties) = preSolution
		HideSolutionNode = FALSE
	EndGlobalSection
	GlobalSection(ExtensibilityGlobals) = postSolution
		SolutionGuid = {7C90BA7B-2DCD-4633-A88C-7C2D30250685}
	EndGlobalSection
EndGlobal
